# This file is generated by running "yarn install" inside your project.
# Manual changes might be lost - proceed with caution!

__metadata:
  version: 8
  cacheKey: 10c0

"@types/node@npm:*":
  version: 22.15.24
  resolution: "@types/node@npm:22.15.24"
  dependencies:
    undici-types: "npm:~6.21.0"
  checksum: 10c0/16c38e98168fa6c3d2f2b6e95f14f80878d969b39093bc5384385a884d73a7fe361c563b36f14bc27536b337f5baad74321f717b31d2c061b9c48074567eb8c6
  languageName: node
  linkType: hard

"@types/ws@npm:^8.18.1":
  version: 8.18.1
  resolution: "@types/ws@npm:8.18.1"
  dependencies:
    "@types/node": "npm:*"
  checksum: 10c0/61aff1129143fcc4312f083bc9e9e168aa3026b7dd6e70796276dcfb2c8211c4292603f9c4864fae702f2ed86e4abd4d38aa421831c2fd7f856c931a481afbab
  languageName: node
  linkType: hard

"undici-types@npm:~6.21.0":
  version: 6.21.0
  resolution: "undici-types@npm:6.21.0"
  checksum: 10c0/c01ed51829b10aa72fc3ce64b747f8e74ae9b60eafa19a7b46ef624403508a54c526ffab06a14a26b3120d055e1104d7abe7c9017e83ced038ea5cf52f8d5e04
  languageName: node
  linkType: hard

"ws@npm:^8.18.2":
  version: 8.18.2
  resolution: "ws@npm:8.18.2"
  peerDependencies:
    bufferutil: ^4.0.1
    utf-8-validate: ">=5.0.2"
  peerDependenciesMeta:
    bufferutil:
      optional: true
    utf-8-validate:
      optional: true
  checksum: 10c0/4b50f67931b8c6943c893f59c524f0e4905bbd183016cfb0f2b8653aa7f28dad4e456b9d99d285bbb67cca4fedd9ce90dfdfaa82b898a11414ebd66ee99141e4
  languageName: node
  linkType: hard

"ws@workspace:.":
  version: 0.0.0-use.local
  resolution: "ws@workspace:."
  dependencies:
    "@types/ws": "npm:^8.18.1"
    ws: "npm:^8.18.2"
  languageName: unknown
  linkType: soft
